
Microsoft Visual Studio Solution File, Format Version 12.00
# Visual Studio Version 17
VisualStudioVersion = 17.3.32929.385
MinimumVisualStudioVersion = 10.0.40219.1
Project("{9A19103F-16F7-4668-BE54-9A1E7A4F7556}") = "SeleniumLearning", "SeleniumLearning\SeleniumLearning.csproj", "{99E32688-859B-409D-A7FC-8082454DA26D}"
EndProject
Project("{FAE04EC0-301F-11D3-BF4B-00C04F79EFBC}") = "CSharpSelFramework", "CSharpSelFramework\CSharpSelFramework.csproj", "{BB53A64F-5A2E-437A-9B92-650765956669}"
EndProject
Global
	GlobalSection(SolutionConfigurationPlatforms) = preSolution
		Debug|Any CPU = Debug|Any CPU
		Release|Any CPU = Release|Any CPU
	EndGlobalSection
	GlobalSection(ProjectConfigurationPlatforms) = postSolution
		{99E32688-859B-409D-A7FC-8082454DA26D}.Debug|Any CPU.ActiveCfg = Debug|Any CPU
		{99E32688-859B-409D-A7FC-8082454DA26D}.Debug|Any CPU.Build.0 = Debug|Any CPU
		{99E32688-859B-409D-A7FC-8082454DA26D}.Release|Any CPU.ActiveCfg = Release|Any CPU
		{99E32688-859B-409D-A7FC-8082454DA26D}.Release|Any CPU.Build.0 = Release|Any CPU
		{BB53A64F-5A2E-437A-9B92-650765956669}.Debug|Any CPU.ActiveCfg = Debug|Any CPU
		{BB53A64F-5A2E-437A-9B92-650765956669}.Debug|Any CPU.Build.0 = Debug|Any CPU
		{BB53A64F-5A2E-437A-9B92-650765956669}.Release|Any CPU.ActiveCfg = Release|Any CPU
		{BB53A64F-5A2E-437A-9B92-650765956669}.Release|Any CPU.Build.0 = Release|Any CPU
	EndGlobalSection
	GlobalSection(SolutionProperties) = preSolution
		HideSolutionNode = FALSE
	EndGlobalSection
	GlobalSection(ExtensibilityGlobals) = postSolution
		SolutionGuid = {D4AE8825-6021-4577-B826-8558AEB22AFA}
	EndGlobalSection
EndGlobal
